
Microsoft Visual Studio Solution File, Format Version 12.00
# Visual Studio Version 17
VisualStudioVersion = 17.8.34511.84
MinimumVisualStudioVersion = 10.0.40219.1
Project("{2150E333-8FDC-42A3-9474-1A3956D46DE8}") = "Application", "Application", "{AD47EBD1-F83B-4191-BDB2-23D3884DAA94}"
EndProject
Project("{2150E333-8FDC-42A3-9474-1A3956D46DE8}") = "Domain", "Domain", "{658DC0D1-3981-42EB-B942-20BF10CD0649}"
EndProject
Project("{2150E333-8FDC-42A3-9474-1A3956D46DE8}") = "Infrastructure", "Infrastructure", "{9A45ECAC-04AB-4905-86D3-EC39694A874B}"
EndProject
Project("{2150E333-8FDC-42A3-9474-1A3956D46DE8}") = "Services", "Services", "{9ECD022E-DCE9-479E-971B-D34578534B7E}"
EndProject
Project("{2150E333-8FDC-42A3-9474-1A3956D46DE8}") = "Utilities", "Utilities", "{049FBBD6-45D2-45E5-B146-AAF44C731C45}"
EndProject
Project("{FAE04EC0-301F-11D3-BF4B-00C04F79EFBC}") = "CLINICAL.Domain", "src\CLINICAL.Domain\CLINICAL.Domain.csproj", "{C3030B92-7C2F-470C-95BA-E03D158DDF02}"
EndProject
Project("{FAE04EC0-301F-11D3-BF4B-00C04F79EFBC}") = "CLINICAL.Infrastructure", "src\CLINICAL.Infrastructure\CLINICAL.Infrastructure.csproj", "{C70C7D46-634B-41FF-84AA-D169FF687408}"
EndProject
Project("{FAE04EC0-301F-11D3-BF4B-00C04F79EFBC}") = "CLINICAL.Persistence", "src\CLINICAL.Persistence\CLINICAL.Persistence.csproj", "{12526A84-15E4-4A41-812D-215947F2DC68}"
EndProject
Project("{FAE04EC0-301F-11D3-BF4B-00C04F79EFBC}") = "CLINICAL.Application.Dtos", "src\CLINICAL.Application.Dtos\CLINICAL.Application.Dtos.csproj", "{0D0F91D9-71EB-41EF-95D8-ED0D6379978A}"
EndProject
Project("{FAE04EC0-301F-11D3-BF4B-00C04F79EFBC}") = "CLINICAL.Application.Interface", "src\CLINICAL.Application.Interface\CLINICAL.Application.Interface.csproj", "{9D43D103-BD05-4F9C-B66C-425C415A6423}"
EndProject
Project("{FAE04EC0-301F-11D3-BF4B-00C04F79EFBC}") = "CLINICAL.Application.UseCase", "src\CLINICAL.Application.UseCase\CLINICAL.Application.UseCase.csproj", "{5D36AB53-E77C-48F5-8A29-32B89BB70460}"
EndProject
Project("{FAE04EC0-301F-11D3-BF4B-00C04F79EFBC}") = "CLINICAL.Api", "src\CLINICAL.Api\CLINICAL.Api.csproj", "{2802800E-130E-4227-AAAA-29BB55D43691}"
EndProject
Project("{FAE04EC0-301F-11D3-BF4B-00C04F79EFBC}") = "CLINICAL.Utilities", "src\CLINICAL.Utilities\CLINICAL.Utilities.csproj", "{1C9FD23D-C138-48A5-AC1C-54707E82A89F}"
EndProject
Global
	GlobalSection(SolutionConfigurationPlatforms) = preSolution
		Debug|Any CPU = Debug|Any CPU
		Release|Any CPU = Release|Any CPU
	EndGlobalSection
	GlobalSection(ProjectConfigurationPlatforms) = postSolution
		{C3030B92-7C2F-470C-95BA-E03D158DDF02}.Debug|Any CPU.ActiveCfg = Debug|Any CPU
		{C3030B92-7C2F-470C-95BA-E03D158DDF02}.Debug|Any CPU.Build.0 = Debug|Any CPU
		{C3030B92-7C2F-470C-95BA-E03D158DDF02}.Release|Any CPU.ActiveCfg = Release|Any CPU
		{C3030B92-7C2F-470C-95BA-E03D158DDF02}.Release|Any CPU.Build.0 = Release|Any CPU
		{C70C7D46-634B-41FF-84AA-D169FF687408}.Debug|Any CPU.ActiveCfg = Debug|Any CPU
		{C70C7D46-634B-41FF-84AA-D169FF687408}.Debug|Any CPU.Build.0 = Debug|Any CPU
		{C70C7D46-634B-41FF-84AA-D169FF687408}.Release|Any CPU.ActiveCfg = Release|Any CPU
		{C70C7D46-634B-41FF-84AA-D169FF687408}.Release|Any CPU.Build.0 = Release|Any CPU
		{12526A84-15E4-4A41-812D-215947F2DC68}.Debug|Any CPU.ActiveCfg = Debug|Any CPU
		{12526A84-15E4-4A41-812D-215947F2DC68}.Debug|Any CPU.Build.0 = Debug|Any CPU
		{12526A84-15E4-4A41-812D-215947F2DC68}.Release|Any CPU.ActiveCfg = Release|Any CPU
		{12526A84-15E4-4A41-812D-215947F2DC68}.Release|Any CPU.Build.0 = Release|Any CPU
		{0D0F91D9-71EB-41EF-95D8-ED0D6379978A}.Debug|Any CPU.ActiveCfg = Debug|Any CPU
		{0D0F91D9-71EB-41EF-95D8-ED0D6379978A}.Debug|Any CPU.Build.0 = Debug|Any CPU
		{0D0F91D9-71EB-41EF-95D8-ED0D6379978A}.Release|Any CPU.ActiveCfg = Release|Any CPU
		{0D0F91D9-71EB-41EF-95D8-ED0D6379978A}.Release|Any CPU.Build.0 = Release|Any CPU
		{9D43D103-BD05-4F9C-B66C-425C415A6423}.Debug|Any CPU.ActiveCfg = Debug|Any CPU
		{9D43D103-BD05-4F9C-B66C-425C415A6423}.Debug|Any CPU.Build.0 = Debug|Any CPU
		{9D43D103-BD05-4F9C-B66C-425C415A6423}.Release|Any CPU.ActiveCfg = Release|Any CPU
		{9D43D103-BD05-4F9C-B66C-425C415A6423}.Release|Any CPU.Build.0 = Release|Any CPU
		{5D36AB53-E77C-48F5-8A29-32B89BB70460}.Debug|Any CPU.ActiveCfg = Debug|Any CPU
		{5D36AB53-E77C-48F5-8A29-32B89BB70460}.Debug|Any CPU.Build.0 = Debug|Any CPU
		{5D36AB53-E77C-48F5-8A29-32B89BB70460}.Release|Any CPU.ActiveCfg = Release|Any CPU
		{5D36AB53-E77C-48F5-8A29-32B89BB70460}.Release|Any CPU.Build.0 = Release|Any CPU
		{2802800E-130E-4227-AAAA-29BB55D43691}.Debug|Any CPU.ActiveCfg = Debug|Any CPU
		{2802800E-130E-4227-AAAA-29BB55D43691}.Debug|Any CPU.Build.0 = Debug|Any CPU
		{2802800E-130E-4227-AAAA-29BB55D43691}.Release|Any CPU.ActiveCfg = Release|Any CPU
		{2802800E-130E-4227-AAAA-29BB55D43691}.Release|Any CPU.Build.0 = Release|Any CPU
		{1C9FD23D-C138-48A5-AC1C-54707E82A89F}.Debug|Any CPU.ActiveCfg = Debug|Any CPU
		{1C9FD23D-C138-48A5-AC1C-54707E82A89F}.Debug|Any CPU.Build.0 = Debug|Any CPU
		{1C9FD23D-C138-48A5-AC1C-54707E82A89F}.Release|Any CPU.ActiveCfg = Release|Any CPU
		{1C9FD23D-C138-48A5-AC1C-54707E82A89F}.Release|Any CPU.Build.0 = Release|Any CPU
	EndGlobalSection
	GlobalSection(SolutionProperties) = preSolution
		HideSolutionNode = FALSE
	EndGlobalSection
	GlobalSection(NestedProjects) = preSolution
		{C3030B92-7C2F-470C-95BA-E03D158DDF02} = {658DC0D1-3981-42EB-B942-20BF10CD0649}
		{C70C7D46-634B-41FF-84AA-D169FF687408} = {9A45ECAC-04AB-4905-86D3-EC39694A874B}
		{12526A84-15E4-4A41-812D-215947F2DC68} = {9A45ECAC-04AB-4905-86D3-EC39694A874B}
		{0D0F91D9-71EB-41EF-95D8-ED0D6379978A} = {AD47EBD1-F83B-4191-BDB2-23D3884DAA94}
		{9D43D103-BD05-4F9C-B66C-425C415A6423} = {AD47EBD1-F83B-4191-BDB2-23D3884DAA94}
		{5D36AB53-E77C-48F5-8A29-32B89BB70460} = {AD47EBD1-F83B-4191-BDB2-23D3884DAA94}
		{2802800E-130E-4227-AAAA-29BB55D43691} = {9ECD022E-DCE9-479E-971B-D34578534B7E}
		{1C9FD23D-C138-48A5-AC1C-54707E82A89F} = {049FBBD6-45D2-45E5-B146-AAF44C731C45}
	EndGlobalSection
	GlobalSection(ExtensibilityGlobals) = postSolution
		SolutionGuid = {CD7FD12E-DA3D-447F-A01A-C0B9CA91F8A2}
	EndGlobalSection
EndGlobal
